// !$*UTF8*$!
{
	archiveVersion = 1;
	classes = {
	};
	objectVersion = 50;
	objects = {

/* Begin PBXBuildFile section */
		E0F49CBB23D8F049005BFCA8 /* AppDelegate.swift in Sources */ = {isa = PBXBuildFile; fileRef = E0F49CBA23D8F049005BFCA8 /* AppDelegate.swift */; };
		E0F49CBD23D8F049005BFCA8 /* SceneDelegate.swift in Sources */ = {isa = PBXBuildFile; fileRef = E0F49CBC23D8F049005BFCA8 /* SceneDelegate.swift */; };
		E0F49CBF23D8F049005BFCA8 /* ViewController.swift in Sources */ = {isa = PBXBuildFile; fileRef = E0F49CBE23D8F049005BFCA8 /* ViewController.swift */; };
		E0F49CC223D8F049005BFCA8 /* Main.storyboard in Resources */ = {isa = PBXBuildFile; fileRef = E0F49CC023D8F049005BFCA8 /* Main.storyboard */; };
		E0F49CC423D8F04D005BFCA8 /* Assets.xcassets in Resources */ = {isa = PBXBuildFile; fileRef = E0F49CC323D8F04D005BFCA8 /* Assets.xcassets */; };
		E0F49CC723D8F04D005BFCA8 /* LaunchScreen.storyboard in Resources */ = {isa = PBXBuildFile; fileRef = E0F49CC523D8F04D005BFCA8 /* LaunchScreen.storyboard */; };
		E0F49CD223D8F04D005BFCA8 /* tippyTests.swift in Sources */ = {isa = PBXBuildFile; fileRef = E0F49CD123D8F04D005BFCA8 /* tippyTests.swift */; };
		E0F49CDD23D8F04D005BFCA8 /* tippyUITests.swift in Sources */ = {isa = PBXBuildFile; fileRef = E0F49CDC23D8F04D005BFCA8 /* tippyUITests.swift */; };
/* End PBXBuildFile section */

/* Begin PBXContainerItemProxy section */
		E0F49CCE23D8F04D005BFCA8 /* PBXContainerItemProxy */ = {
			isa = PBXContainerItemProxy;
			containerPortal = E0F49CAF23D8F049005BFCA8 /* Project object */;
			proxyType = 1;
			remoteGlobalIDString = E0F49CB623D8F049005BFCA8;
			remoteInfo = tippy;
		};
		E0F49CD923D8F04D005BFCA8 /* PBXContainerItemProxy */ = {
			isa = PBXContainerItemProxy;
			containerPortal = E0F49CAF23D8F049005BFCA8 /* Project object */;
			proxyType = 1;
			remoteGlobalIDString = E0F49CB623D8F049005BFCA8;
			remoteInfo = tippy;
		};
/* End PBXContainerItemProxy section */

/* Begin PBXFileReference section */
		E0F49CB723D8F049005BFCA8 /* tippy.app */ = {isa = PBXFileReference; explicitFileType = wrapper.application; includeInIndex = 0; path = tippy.app; sourceTree = BUILT_PRODUCTS_DIR; };
		E0F49CBA23D8F049005BFCA8 /* AppDelegate.swift */ = {isa = PBXFileReference; lastKnownFileType = sourcecode.swift; path = AppDelegate.swift; sourceTree = "<group>"; };
		E0F49CBC23D8F049005BFCA8 /* SceneDelegate.swift */ = {isa = PBXFileReference; lastKnownFileType = sourcecode.swift; path = SceneDelegate.swift; sourceTree = "<group>"; };
		E0F49CBE23D8F049005BFCA8 /* ViewController.swift */ = {isa = PBXFileReference; lastKnownFileType = sourcecode.swift; path = ViewController.swift; sourceTree = "<group>"; };
		E0F49CC123D8F049005BFCA8 /* Base */ = {isa = PBXFileReference; lastKnownFileType = file.storyboard; name = Base; path = Base.lproj/Main.storyboard; sourceTree = "<group>"; };
		E0F49CC323D8F04D005BFCA8 /* Assets.xcassets */ = {isa = PBXFileReference; lastKnownFileType = folder.assetcatalog; path = Assets.xcassets; sourceTree = "<group>"; };
		E0F49CC623D8F04D005BFCA8 /* Base */ = {isa = PBXFileReference; lastKnownFileType = file.storyboard; name = Base; path = Base.lproj/LaunchScreen.storyboard; sourceTree = "<group>"; };
		E0F49CC823D8F04D005BFCA8 /* Info.plist */ = {isa = PBXFileReference; lastKnownFileType = text.plist.xml; path = Info.plist; sourceTree = "<group>"; };
		E0F49CCD23D8F04D005BFCA8 /* tippyTests.xctest */ = {isa = PBXFileReference; explicitFileType = wrapper.cfbundle; includeInIndex = 0; path = tippyTests.xctest; sourceTree = BUILT_PRODUCTS_DIR; };
		E0F49CD123D8F04D005BFCA8 /* tippyTests.swift */ = {isa = PBXFileReference; lastKnownFileType = sourcecode.swift; path = tippyTests.swift; sourceTree = "<group>"; };
		E0F49CD323D8F04D005BFCA8 /* Info.plist */ = {isa = PBXFileReference; lastKnownFileType = text.plist.xml; path = Info.plist; sourceTree = "<group>"; };
		E0F49CD823D8F04D005BFCA8 /* tippyUITests.xctest */ = {isa = PBXFileReference; explicitFileType = wrapper.cfbundle; includeInIndex = 0; path = tippyUITests.xctest; sourceTree = BUILT_PRODUCTS_DIR; };
		E0F49CDC23D8F04D005BFCA8 /* tippyUITests.swift */ = {isa = PBXFileReference; lastKnownFileType = sourcecode.swift; path = tippyUITests.swift; sourceTree = "<group>"; };
		E0F49CDE23D8F04D005BFCA8 /* Info.plist */ = {isa = PBXFileReference; lastKnownFileType = text.plist.xml; path = Info.plist; sourceTree = "<group>"; };
/* End PBXFileReference section */

/* Begin PBXFrameworksBuildPhase section */
		E0F49CB423D8F049005BFCA8 /* Frameworks */ = {
			isa = PBXFrameworksBuildPhase;
			buildActionMask = 2147483647;
			files = (
			);
			runOnlyForDeploymentPostprocessing = 0;
		};
		E0F49CCA23D8F04D005BFCA8 /* Frameworks */ = {
			isa = PBXFrameworksBuildPhase;
			buildActionMask = 2147483647;
			files = (
			);
			runOnlyForDeploymentPostprocessing = 0;
		};
		E0F49CD523D8F04D005BFCA8 /* Frameworks */ = {
			isa = PBXFrameworksBuildPhase;
			buildActionMask = 2147483647;
			files = (
			);
			runOnlyForDeploymentPostprocessing = 0;
		};
/* End PBXFrameworksBuildPhase section */

/* Begin PBXGroup section */
		E0F49CAE23D8F049005BFCA8 = {
			isa = PBXGroup;
			children = (
				E0F49CB923D8F049005BFCA8 /* tippy */,
				E0F49CD023D8F04D005BFCA8 /* tippyTests */,
				E0F49CDB23D8F04D005BFCA8 /* tippyUITests */,
				E0F49CB823D8F049005BFCA8 /* Products */,
			);
			sourceTree = "<group>";
		};
		E0F49CB823D8F049005BFCA8 /* Products */ = {
			isa = PBXGroup;
			children = (
				E0F49CB723D8F049005BFCA8 /* tippy.app */,
				E0F49CCD23D8F04D005BFCA8 /* tippyTests.xctest */,
				E0F49CD823D8F04D005BFCA8 /* tippyUITests.xctest */,
			);
			name = Products;
			sourceTree = "<group>";
		};
		E0F49CB923D8F049005BFCA8 /* tippy */ = {
			isa = PBXGroup;
			children = (
				E0F49CBA23D8F049005BFCA8 /* AppDelegate.swift */,
				E0F49CBC23D8F049005BFCA8 /* SceneDelegate.swift */,
				E0F49CBE23D8F049005BFCA8 /* ViewController.swift */,
				E0F49CC023D8F049005BFCA8 /* Main.storyboard */,
				E0F49CC323D8F04D005BFCA8 /* Assets.xcassets */,
				E0F49CC523D8F04D005BFCA8 /* LaunchScreen.storyboard */,
				E0F49CC823D8F04D005BFCA8 /* Info.plist */,
			);
			path = tippy;
			sourceTree = "<group>";
		};
		E0F49CD023D8F04D005BFCA8 /* tippyTests */ = {
			isa = PBXGroup;
			children = (
				E0F49CD123D8F04D005BFCA8 /* tippyTests.swift */,
				E0F49CD323D8F04D005BFCA8 /* Info.plist */,
			);
			path = tippyTests;
			sourceTree = "<group>";
		};
		E0F49CDB23D8F04D005BFCA8 /* tippyUITests */ = {
			isa = PBXGroup;
			children = (
				E0F49CDC23D8F04D005BFCA8 /* tippyUITests.swift */,
				E0F49CDE23D8F04D005BFCA8 /* Info.plist */,
			);
			path = tippyUITests;
			sourceTree = "<group>";
		};
/* End PBXGroup section */

/* Begin PBXNativeTarget section */
		E0F49CB623D8F049005BFCA8 /* tippy */ = {
			isa = PBXNativeTarget;
			buildConfigurationList = E0F49CE123D8F04D005BFCA8 /* Build configuration list for PBXNativeTarget "tippy" */;
			buildPhases = (
				E0F49CB323D8F049005BFCA8 /* Sources */,
				E0F49CB423D8F049005BFCA8 /* Frameworks */,
				E0F49CB523D8F049005BFCA8 /* Resources */,
			);
			buildRules = (
			);
			dependencies = (
			);
			name = tippy;
			productName = tippy;
			productReference = E0F49CB723D8F049005BFCA8 /* tippy.app */;
			productType = "com.apple.product-type.application";
		};
		E0F49CCC23D8F04D005BFCA8 /* tippyTests */ = {
			isa = PBXNativeTarget;
			buildConfigurationList = E0F49CE423D8F04D005BFCA8 /* Build configuration list for PBXNativeTarget "tippyTests" */;
			buildPhases = (
				E0F49CC923D8F04D005BFCA8 /* Sources */,
				E0F49CCA23D8F04D005BFCA8 /* Frameworks */,
				E0F49CCB23D8F04D005BFCA8 /* Resources */,
			);
			buildRules = (
			);
			dependencies = (
				E0F49CCF23D8F04D005BFCA8 /* PBXTargetDependency */,
			);
			name = tippyTests;
			productName = tippyTests;
			productReference = E0F49CCD23D8F04D005BFCA8 /* tippyTests.xctest */;
			productType = "com.apple.product-type.bundle.unit-test";
		};
		E0F49CD723D8F04D005BFCA8 /* tippyUITests */ = {
			isa = PBXNativeTarget;
			buildConfigurationList = E0F49CE723D8F04D005BFCA8 /* Build configuration list for PBXNativeTarget "tippyUITests" */;
			buildPhases = (
				E0F49CD423D8F04D005BFCA8 /* Sources */,
				E0F49CD523D8F04D005BFCA8 /* Frameworks */,
				E0F49CD623D8F04D005BFCA8 /* Resources */,
			);
			buildRules = (
			);
			dependencies = (
				E0F49CDA23D8F04D005BFCA8 /* PBXTargetDependency */,
			);
			name = tippyUITests;
			productName = tippyUITests;
			productReference = E0F49CD823D8F04D005BFCA8 /* tippyUITests.xctest */;
			productType = "com.apple.product-type.bundle.ui-testing";
		};
/* End PBXNativeTarget section */

/* Begin PBXProject section */
		E0F49CAF23D8F049005BFCA8 /* Project object */ = {
			isa = PBXProject;
			attributes = {
				LastSwiftUpdateCheck = 1130;
				LastUpgradeCheck = 1130;
				ORGANIZATIONNAME = codepath;
				TargetAttributes = {
					E0F49CB623D8F049005BFCA8 = {
						CreatedOnToolsVersion = 11.3;
					};
					E0F49CCC23D8F04D005BFCA8 = {
						CreatedOnToolsVersion = 11.3;
						TestTargetID = E0F49CB623D8F049005BFCA8;
					};
					E0F49CD723D8F04D005BFCA8 = {
						CreatedOnToolsVersion = 11.3;
						TestTargetID = E0F49CB623D8F049005BFCA8;
					};
				};
			};
			buildConfigurationList = E0F49CB223D8F049005BFCA8 /* Build configuration list for PBXProject "tippy" */;
			compatibilityVersion = "Xcode 9.3";
			developmentRegion = en;
			hasScannedForEncodings = 0;
			knownRegions = (
				en,
				Base,
			);
			mainGroup = E0F49CAE23D8F049005BFCA8;
			productRefGroup = E0F49CB823D8F049005BFCA8 /* Products */;
			projectDirPath = "";
			projectRoot = "";
			targets = (
				E0F49CB623D8F049005BFCA8 /* tippy */,
				E0F49CCC23D8F04D005BFCA8 /* tippyTests */,
				E0F49CD723D8F04D005BFCA8 /* tippyUITests */,
			);
		};
/* End PBXProject section */

/* Begin PBXResourcesBuildPhase section */
		E0F49CB523D8F049005BFCA8 /* Resources */ = {
			isa = PBXResourcesBuildPhase;
			buildActionMask = 2147483647;
			files = (
				E0F49CC723D8F04D005BFCA8 /* LaunchScreen.storyboard in Resources */,
				E0F49CC423D8F04D005BFCA8 /* Assets.xcassets in Resources */,
				E0F49CC223D8F049005BFCA8 /* Main.storyboard in Resources */,
			);
			runOnlyForDeploymentPostprocessing = 0;
		};
		E0F49CCB23D8F04D005BFCA8 /* Resources */ = {
			isa = PBXResourcesBuildPhase;
			buildActionMask = 2147483647;
			files = (
			);
			runOnlyForDeploymentPostprocessing = 0;
		};
		E0F49CD623D8F04D005BFCA8 /* Resources */ = {
			isa = PBXResourcesBuildPhase;
			buildActionMask = 2147483647;
			files = (
			);
			runOnlyForDeploymentPostprocessing = 0;
		};
/* End PBXResourcesBuildPhase section */

/* Begin PBXSourcesBuildPhase section */
		E0F49CB323D8F049005BFCA8 /* Sources */ = {
			isa = PBXSourcesBuildPhase;
			buildActionMask = 2147483647;
			files = (
				E0F49CBF23D8F049005BFCA8 /* ViewController.swift in Sources */,
				E0F49CBB23D8F049005BFCA8 /* AppDelegate.swift in Sources */,
				E0F49CBD23D8F049005BFCA8 /* SceneDelegate.swift in Sources */,
			);
			runOnlyForDeploymentPostprocessing = 0;
		};
		E0F49CC923D8F04D005BFCA8 /* Sources */ = {
			isa = PBXSourcesBuildPhase;
			buildActionMask = 2147483647;
			files = (
				E0F49CD223D8F04D005BFCA8 /* tippyTests.swift in Sources */,
			);
			runOnlyForDeploymentPostprocessing = 0;
		};
		E0F49CD423D8F04D005BFCA8 /* Sources */ = {
			isa = PBXSourcesBuildPhase;
			buildActionMask = 2147483647;
			files = (
				E0F49CDD23D8F04D005BFCA8 /* tippyUITests.swift in Sources */,
			);
			runOnlyForDeploymentPostprocessing = 0;
		};
/* End PBXSourcesBuildPhase section */

/* Begin PBXTargetDependency section */
		E0F49CCF23D8F04D005BFCA8 /* PBXTargetDependency */ = {
			isa = PBXTargetDependency;
			target = E0F49CB623D8F049005BFCA8 /* tippy */;
			targetProxy = E0F49CCE23D8F04D005BFCA8 /* PBXContainerItemProxy */;
		};
		E0F49CDA23D8F04D005BFCA8 /* PBXTargetDependency */ = {
			isa = PBXTargetDependency;
			target = E0F49CB623D8F049005BFCA8 /* tippy */;
			targetProxy = E0F49CD923D8F04D005BFCA8 /* PBXContainerItemProxy */;
		};
/* End PBXTargetDependency section */

/* Begin PBXVariantGroup section */
		E0F49CC023D8F049005BFCA8 /* Main.storyboard */ = {
			isa = PBXVariantGroup;
			children = (
				E0F49CC123D8F049005BFCA8 /* Base */,
			);
			name = Main.storyboard;
			sourceTree = "<group>";
		};
		E0F49CC523D8F04D005BFCA8 /* LaunchScreen.storyboard */ = {
			isa = PBXVariantGroup;
			children = (
				E0F49CC623D8F04D005BFCA8 /* Base */,
			);
			name = LaunchScreen.storyboard;
			sourceTree = "<group>";
		};
/* End PBXVariantGroup section */

/* Begin XCBuildConfiguration section */
		E0F49CDF23D8F04D005BFCA8 /* Debug */ = {
			isa = XCBuildConfiguration;
			buildSettings = {
				ALWAYS_SEARCH_USER_PATHS = NO;
				CLANG_ANALYZER_NONNULL = YES;
				CLANG_ANALYZER_NUMBER_OBJECT_CONVERSION = YES_AGGRESSIVE;
				CLANG_CXX_LANGUAGE_STANDARD = "gnu++14";
				CLANG_CXX_LIBRARY = "libc++";
				CLANG_ENABLE_MODULES = YES;
				CLANG_ENABLE_OBJC_ARC = YES;
				CLANG_ENABLE_OBJC_WEAK = YES;
				CLANG_WARN_BLOCK_CAPTURE_AUTORELEASING = YES;
				CLANG_WARN_BOOL_CONVERSION = YES;
				CLANG_WARN_COMMA = YES;
				CLANG_WARN_CONSTANT_CONVERSION = YES;
				CLANG_WARN_DEPRECATED_OBJC_IMPLEMENTATIONS = YES;
				CLANG_WARN_DIRECT_OBJC_ISA_USAGE = YES_ERROR;
				CLANG_WARN_DOCUMENTATION_COMMENTS = YES;
				CLANG_WARN_EMPTY_BODY = YES;
				CLANG_WARN_ENUM_CONVERSION = YES;
				CLANG_WARN_INFINITE_RECURSION = YES;
				CLANG_WARN_INT_CONVERSION = YES;
				CLANG_WARN_NON_LITERAL_NULL_CONVERSION = YES;
				CLANG_WARN_OBJC_IMPLICIT_RETAIN_SELF = YES;
				CLANG_WARN_OBJC_LITERAL_CONVERSION = YES;
				CLANG_WARN_OBJC_ROOT_CLASS = YES_ERROR;
				CLANG_WARN_RANGE_LOOP_ANALYSIS = YES;
				CLANG_WARN_STRICT_PROTOTYPES = YES;
				CLANG_WARN_SUSPICIOUS_MOVE = YES;
				CLANG_WARN_UNGUARDED_AVAILABILITY = YES_AGGRESSIVE;
				CLANG_WARN_UNREACHABLE_CODE = YES;
				CLANG_WARN__DUPLICATE_METHOD_MATCH = YES;
				COPY_PHASE_STRIP = NO;
				DEBUG_INFORMATION_FORMAT = dwarf;
				ENABLE_STRICT_OBJC_MSGSEND = YES;
				ENABLE_TESTABILITY = YES;
				GCC_C_LANGUAGE_STANDARD = gnu11;
				GCC_DYNAMIC_NO_PIC = NO;
				GCC_NO_COMMON_BLOCKS = YES;
				GCC_OPTIMIZATION_LEVEL = 0;
				GCC_PREPROCESSOR_DEFINITIONS = (
					"DEBUG=1",
					"$(inherited)",
				);
				GCC_WARN_64_TO_32_BIT_CONVERSION = YES;
				GCC_WARN_ABOUT_RETURN_TYPE = YES_ERROR;
				GCC_WARN_UNDECLARED_SELECTOR = YES;
				GCC_WARN_UNINITIALIZED_AUTOS = YES_AGGRESSIVE;
				GCC_WARN_UNUSED_FUNCTION = YES;
				GCC_WARN_UNUSED_VARIABLE = YES;
				IPHONEOS_DEPLOYMENT_TARGET = 13.2;
				MTL_ENABLE_DEBUG_INFO = INCLUDE_SOURCE;
				MTL_FAST_MATH = YES;
				ONLY_ACTIVE_ARCH = YES;
				SDKROOT = iphoneos;
				SWIFT_ACTIVE_COMPILATION_CONDITIONS = DEBUG;
				SWIFT_OPTIMIZATION_LEVEL = "-Onone";
			};
			name = Debug;
		};
		E0F49CE023D8F04D005BFCA8 /* Release */ = {
			isa = XCBuildConfiguration;
			buildSettings = {
				ALWAYS_SEARCH_USER_PATHS = NO;
				CLANG_ANALYZER_NONNULL = YES;
				CLANG_ANALYZER_NUMBER_OBJECT_CONVERSION = YES_AGGRESSIVE;
				CLANG_CXX_LANGUAGE_STANDARD = "gnu++14";
				CLANG_CXX_LIBRARY = "libc++";
				CLANG_ENABLE_MODULES = YES;
				CLANG_ENABLE_OBJC_ARC = YES;
				CLANG_ENABLE_OBJC_WEAK = YES;
				CLANG_WARN_BLOCK_CAPTURE_AUTORELEASING = YES;
				CLANG_WARN_BOOL_CONVERSION = YES;
				CLANG_WARN_COMMA = YES;
				CLANG_WARN_CONSTANT_CONVERSION = YES;
				CLANG_WARN_DEPRECATED_OBJC_IMPLEMENTATIONS = YES;
				CLANG_WARN_DIRECT_OBJC_ISA_USAGE = YES_ERROR;
				CLANG_WARN_DOCUMENTATION_COMMENTS = YES;
				CLANG_WARN_EMPTY_BODY = YES;
				CLANG_WARN_ENUM_CONVERSION = YES;
				CLANG_WARN_INFINITE_RECURSION = YES;
				CLANG_WARN_INT_CONVERSION = YES;
				CLANG_WARN_NON_LITERAL_NULL_CONVERSION = YES;
				CLANG_WARN_OBJC_IMPLICIT_RETAIN_SELF = YES;
				CLANG_WARN_OBJC_LITERAL_CONVERSION = YES;
				CLANG_WARN_OBJC_ROOT_CLASS = YES_ERROR;
				CLANG_WARN_RANGE_LOOP_ANALYSIS = YES;
				CLANG_WARN_STRICT_PROTOTYPES = YES;
				CLANG_WARN_SUSPICIOUS_MOVE = YES;
				CLANG_WARN_UNGUARDED_AVAILABILITY = YES_AGGRESSIVE;
				CLANG_WARN_UNREACHABLE_CODE = YES;
				CLANG_WARN__DUPLICATE_METHOD_MATCH = YES;
				COPY_PHASE_STRIP = NO;
				DEBUG_INFORMATION_FORMAT = "dwarf-with-dsym";
				ENABLE_NS_ASSERTIONS = NO;
				ENABLE_STRICT_OBJC_MSGSEND = YES;
				GCC_C_LANGUAGE_STANDARD = gnu11;
				GCC_NO_COMMON_BLOCKS = YES;
				GCC_WARN_64_TO_32_BIT_CONVERSION = YES;
				GCC_WARN_ABOUT_RETURN_TYPE = YES_ERROR;
				GCC_WARN_UNDECLARED_SELECTOR = YES;
				GCC_WARN_UNINITIALIZED_AUTOS = YES_AGGRESSIVE;
				GCC_WARN_UNUSED_FUNCTION = YES;
				GCC_WARN_UNUSED_VARIABLE = YES;
				IPHONEOS_DEPLOYMENT_TARGET = 13.2;
				MTL_ENABLE_DEBUG_INFO = NO;
				MTL_FAST_MATH = YES;
				SDKROOT = iphoneos;
				SWIFT_COMPILATION_MODE = wholemodule;
				SWIFT_OPTIMIZATION_LEVEL = "-O";
				VALIDATE_PRODUCT = YES;
			};
			name = Release;
		};
		E0F49CE223D8F04D005BFCA8 /* Debug */ = {
			isa = XCBuildConfiguration;
			buildSettings = {
				ASSETCATALOG_COMPILER_APPICON_NAME = AppIcon;
				CODE_SIGN_STYLE = Automatic;
				INFOPLIST_FILE = tippy/Info.plist;
				LD_RUNPATH_SEARCH_PATHS = (
					"$(inherited)",
					"@executable_path/Frameworks",
				);
				PRODUCT_BUNDLE_IDENTIFIER = com.codepath.tippy;
				PRODUCT_NAME = "$(TARGET_NAME)";
				SWIFT_VERSION = 5.0;
				TARGETED_DEVICE_FAMILY = "1,2";
			};
			name = Debug;
		};
		E0F49CE323D8F04D005BFCA8 /* Release */ = {
			isa = XCBuildConfiguration;
			buildSettings = {
				ASSETCATALOG_COMPILER_APPICON_NAME = AppIcon;
				CODE_SIGN_STYLE = Automatic;
				INFOPLIST_FILE = tippy/Info.plist;
				LD_RUNPATH_SEARCH_PATHS = (
					"$(inherited)",
					"@executable_path/Frameworks",
				);
				PRODUCT_BUNDLE_IDENTIFIER = com.codepath.tippy;
				PRODUCT_NAME = "$(TARGET_NAME)";
				SWIFT_VERSION = 5.0;
				TARGETED_DEVICE_FAMILY = "1,2";
			};
			name = Release;
		};
		E0F49CE523D8F04D005BFCA8 /* Debug */ = {
			isa = XCBuildConfiguration;
			buildSettings = {
				ALWAYS_EMBED_SWIFT_STANDARD_LIBRARIES = YES;
				BUNDLE_LOADER = "$(TEST_HOST)";
				CODE_SIGN_STYLE = Automatic;
				INFOPLIST_FILE = tippyTests/Info.plist;
				IPHONEOS_DEPLOYMENT_TARGET = 13.2;
				LD_RUNPATH_SEARCH_PATHS = (
					"$(inherited)",
					"@executable_path/Frameworks",
					"@loader_path/Frameworks",
				);
				PRODUCT_BUNDLE_IDENTIFIER = com.codepath.tippyTests;
				PRODUCT_NAME = "$(TARGET_NAME)";
				SWIFT_VERSION = 5.0;
				TARGETED_DEVICE_FAMILY = "1,2";
				TEST_HOST = "$(BUILT_PRODUCTS_DIR)/tippy.app/tippy";
			};
			name = Debug;
		};
		E0F49CE623D8F04D005BFCA8 /* Release */ = {
			isa = XCBuildConfiguration;
			buildSettings = {
				ALWAYS_EMBED_SWIFT_STANDARD_LIBRARIES = YES;
				BUNDLE_LOADER = "$(TEST_HOST)";
				CODE_SIGN_STYLE = Automatic;
				INFOPLIST_FILE = tippyTests/Info.plist;
				IPHONEOS_DEPLOYMENT_TARGET = 13.2;
				LD_RUNPATH_SEARCH_PATHS = (
					"$(inherited)",
					"@executable_path/Frameworks",
					"@loader_path/Frameworks",
				);
				PRODUCT_BUNDLE_IDENTIFIER = com.codepath.tippyTests;
				PRODUCT_NAME = "$(TARGET_NAME)";
				SWIFT_VERSION = 5.0;
				TARGETED_DEVICE_FAMILY = "1,2";
				TEST_HOST = "$(BUILT_PRODUCTS_DIR)/tippy.app/tippy";
			};
			name = Release;
		};
		E0F49CE823D8F04D005BFCA8 /* Debug */ = {
			isa = XCBuildConfiguration;
			buildSettings = {
				ALWAYS_EMBED_SWIFT_STANDARD_LIBRARIES = YES;
				CODE_SIGN_STYLE = Automatic;
				INFOPLIST_FILE = tippyUITests/Info.plist;
				LD_RUNPATH_SEARCH_PATHS = (
					"$(inherited)",
					"@executable_path/Frameworks",
					"@loader_path/Frameworks",
				);
				PRODUCT_BUNDLE_IDENTIFIER = com.codepath.tippyUITests;
				PRODUCT_NAME = "$(TARGET_NAME)";
				SWIFT_VERSION = 5.0;
				TARGETED_DEVICE_FAMILY = "1,2";
				TEST_TARGET_NAME = tippy;
			};
			name = Debug;
		};
		E0F49CE923D8F04D005BFCA8 /* Release */ = {
			isa = XCBuildConfiguration;
			buildSettings = {
				ALWAYS_EMBED_SWIFT_STANDARD_LIBRARIES = YES;
				CODE_SIGN_STYLE = Automatic;
				INFOPLIST_FILE = tippyUITests/Info.plist;
				LD_RUNPATH_SEARCH_PATHS = (
					"$(inherited)",
					"@executable_path/Frameworks",
					"@loader_path/Frameworks",
				);
				PRODUCT_BUNDLE_IDENTIFIER = com.codepath.tippyUITests;
				PRODUCT_NAME = "$(TARGET_NAME)";
				SWIFT_VERSION = 5.0;
				TARGETED_DEVICE_FAMILY = "1,2";
				TEST_TARGET_NAME = tippy;
			};
			name = Release;
		};
/* End XCBuildConfiguration section */

/* Begin XCConfigurationList section */
		E0F49CB223D8F049005BFCA8 /* Build configuration list for PBXProject "tippy" */ = {
			isa = XCConfigurationList;
			buildConfigurations = (
				E0F49CDF23D8F04D005BFCA8 /* Debug */,
				E0F49CE023D8F04D005BFCA8 /* Release */,
			);
			defaultConfigurationIsVisible = 0;
			defaultConfigurationName = Release;
		};
		E0F49CE123D8F04D005BFCA8 /* Build configuration list for PBXNativeTarget "tippy" */ = {
			isa = XCConfigurationList;
			buildConfigurations = (
				E0F49CE223D8F04D005BFCA8 /* Debug */,
				E0F49CE323D8F04D005BFCA8 /* Release */,
			);
			defaultConfigurationIsVisible = 0;
			defaultConfigurationName = Release;
		};
		E0F49CE423D8F04D005BFCA8 /* Build configuration list for PBXNativeTarget "tippyTests" */ = {
			isa = XCConfigurationList;
			buildConfigurations = (
				E0F49CE523D8F04D005BFCA8 /* Debug */,
				E0F49CE623D8F04D005BFCA8 /* Release */,
			);
			defaultConfigurationIsVisible = 0;
			defaultConfigurationName = Release;
		};
		E0F49CE723D8F04D005BFCA8 /* Build configuration list for PBXNativeTarget "tippyUITests" */ = {
			isa = XCConfigurationList;
			buildConfigurations = (
				E0F49CE823D8F04D005BFCA8 /* Debug */,
				E0F49CE923D8F04D005BFCA8 /* Release */,
			);
			defaultConfigurationIsVisible = 0;
			defaultConfigurationName = Release;
		};
/* End XCConfigurationList section */
	};
	rootObject = E0F49CAF23D8F049005BFCA8 /* Project object */;
}
